
Microsoft Visual Studio Solution File, Format Version 12.00
# Visual Studio Version 17
VisualStudioVersion = 17.8.34511.84
MinimumVisualStudioVersion = 10.0.40219.1
Project("{FAE04EC0-301F-11D3-BF4B-00C04F79EFBC}") = "Behpouyan", "Behpouyan\Behpouyan.csproj", "{1CE50A34-F6B5-4690-8D72-943ADCEACAA9}"
EndProject
Global
	GlobalSection(SolutionConfigurationPlatforms) = preSolution
		Debug|Any CPU = Debug|Any CPU
		Release|Any CPU = Release|Any CPU
	EndGlobalSection
	GlobalSection(ProjectConfigurationPlatforms) = postSolution
		{1CE50A34-F6B5-4690-8D72-943ADCEACAA9}.Debug|Any CPU.ActiveCfg = Debug|Any CPU
		{1CE50A34-F6B5-4690-8D72-943ADCEACAA9}.Debug|Any CPU.Build.0 = Debug|Any CPU
		{1CE50A34-F6B5-4690-8D72-943ADCEACAA9}.Release|Any CPU.ActiveCfg = Release|Any CPU
		{1CE50A34-F6B5-4690-8D72-943ADCEACAA9}.Release|Any CPU.Build.0 = Release|Any CPU
	EndGlobalSection
	GlobalSection(SolutionProperties) = preSolution
		HideSolutionNode = FALSE
	EndGlobalSection
	GlobalSection(ExtensibilityGlobals) = postSolution
		SolutionGuid = {A36841AE-B560-41B2-971F-274C6068D154}
	EndGlobalSection
EndGlobal
